// !$*UTF8*$!
{
	archiveVersion = 1;
	classes = {
	};
	objectVersion = 56;
	objects = {

/* Begin PBXBuildFile section */
		202F923A2BBEF46C00DEB3C2 /* MagazineView.swift in Sources */ = {isa = PBXBuildFile; fileRef = 202F92392BBEF46C00DEB3C2 /* MagazineView.swift */; };
		202F923C2BBEFDC700DEB3C2 /* HomeView.swift in Sources */ = {isa = PBXBuildFile; fileRef = 202F923B2BBEFDC700DEB3C2 /* HomeView.swift */; };
		202F92402BBF23A600DEB3C2 /* HomeResponse.swift in Sources */ = {isa = PBXBuildFile; fileRef = 202F923F2BBF23A600DEB3C2 /* HomeResponse.swift */; };
		202F92432BBF261B00DEB3C2 /* gooutside_20231010_180_1.pdf in Resources */ = {isa = PBXBuildFile; fileRef = 202F92422BBF261B00DEB3C2 /* gooutside_20231010_180_1.pdf */; };
		202F92452BBF262300DEB3C2 /* 201909080203035d748b878a516.pdf in Resources */ = {isa = PBXBuildFile; fileRef = 202F92442BBF262300DEB3C2 /* 201909080203035d748b878a516.pdf */; };
		202F92472BBF276700DEB3C2 /* home-response.json in Resources */ = {isa = PBXBuildFile; fileRef = 202F92462BBF276600DEB3C2 /* home-response.json */; };
		202F92492BBF281400DEB3C2 /* page-1.png in Resources */ = {isa = PBXBuildFile; fileRef = 202F92482BBF281400DEB3C2 /* page-1.png */; };
		202F924E2BBF31FF00DEB3C2 /* PDFViewer.swift in Sources */ = {isa = PBXBuildFile; fileRef = 202F924D2BBF31FF00DEB3C2 /* PDFViewer.swift */; };
		202F92502BBF3B4200DEB3C2 /* NextMagazines.swift in Sources */ = {isa = PBXBuildFile; fileRef = 202F924F2BBF3B4200DEB3C2 /* NextMagazines.swift */; };
		202F92522BBF3DCC00DEB3C2 /* FillButtonView.swift in Sources */ = {isa = PBXBuildFile; fileRef = 202F92512BBF3DCC00DEB3C2 /* FillButtonView.swift */; };
		2032EF8F2BBCBB0E00E2248B /* HomeApp.swift in Sources */ = {isa = PBXBuildFile; fileRef = 2032EF8E2BBCBB0E00E2248B /* HomeApp.swift */; };
		2032EF912BBCBB0E00E2248B /* HomeContentView.swift in Sources */ = {isa = PBXBuildFile; fileRef = 2032EF902BBCBB0E00E2248B /* HomeContentView.swift */; };
		2032EF932BBCBB0F00E2248B /* Assets.xcassets in Resources */ = {isa = PBXBuildFile; fileRef = 2032EF922BBCBB0F00E2248B /* Assets.xcassets */; };
		2032EF962BBCBB0F00E2248B /* Preview Assets.xcassets in Resources */ = {isa = PBXBuildFile; fileRef = 2032EF952BBCBB0F00E2248B /* Preview Assets.xcassets */; };
		2032EF9E2BBCC0F500E2248B /* DetailsView.swift in Sources */ = {isa = PBXBuildFile; fileRef = 2032EF9D2BBCC0F500E2248B /* DetailsView.swift */; };
		2032EFA02BBCC13D00E2248B /* DetailsViewModel.swift in Sources */ = {isa = PBXBuildFile; fileRef = 2032EF9F2BBCC13D00E2248B /* DetailsViewModel.swift */; };
		2032EFA92BBCC48700E2248B /* UIColor.swift in Sources */ = {isa = PBXBuildFile; fileRef = 2032EFA82BBCC48700E2248B /* UIColor.swift */; };
		2032EFAB2BBCC4BB00E2248B /* Collection.swift in Sources */ = {isa = PBXBuildFile; fileRef = 2032EFAA2BBCC4BB00E2248B /* Collection.swift */; };
		2032EFAF2BBCE88400E2248B /* Pokemon.swift in Sources */ = {isa = PBXBuildFile; fileRef = 2032EFAE2BBCE88400E2248B /* Pokemon.swift */; };
		2032EFB22BBDEE1B00E2248B /* PagingView.swift in Sources */ = {isa = PBXBuildFile; fileRef = 2032EFB12BBDEE1B00E2248B /* PagingView.swift */; };
		2032EFB42BBDEE3500E2248B /* CustomPagingView.swift in Sources */ = {isa = PBXBuildFile; fileRef = 2032EFB32BBDEE3500E2248B /* CustomPagingView.swift */; };
		20A121DD2BBF4AA3001EAED5 /* SnapKit in Frameworks */ = {isa = PBXBuildFile; productRef = 20A121DC2BBF4AA3001EAED5 /* SnapKit */; };
		20A121DF2BBF4BED001EAED5 /* HomeViewModel.swift in Sources */ = {isa = PBXBuildFile; fileRef = 20A121DE2BBF4BED001EAED5 /* HomeViewModel.swift */; };
		20A121E22BBF5083001EAED5 /* PSPDFKit in Frameworks */ = {isa = PBXBuildFile; productRef = 20A121E12BBF5083001EAED5 /* PSPDFKit */; };
/* End PBXBuildFile section */

/* Begin PBXFileReference section */
		202F92392BBEF46C00DEB3C2 /* MagazineView.swift */ = {isa = PBXFileReference; lastKnownFileType = sourcecode.swift; path = MagazineView.swift; sourceTree = "<group>"; };
		202F923B2BBEFDC700DEB3C2 /* HomeView.swift */ = {isa = PBXFileReference; lastKnownFileType = sourcecode.swift; path = HomeView.swift; sourceTree = "<group>"; };
		202F923F2BBF23A600DEB3C2 /* HomeResponse.swift */ = {isa = PBXFileReference; lastKnownFileType = sourcecode.swift; path = HomeResponse.swift; sourceTree = "<group>"; };
		202F92422BBF261B00DEB3C2 /* gooutside_20231010_180_1.pdf */ = {isa = PBXFileReference; lastKnownFileType = image.pdf; path = gooutside_20231010_180_1.pdf; sourceTree = "<group>"; };
		202F92442BBF262300DEB3C2 /* 201909080203035d748b878a516.pdf */ = {isa = PBXFileReference; lastKnownFileType = image.pdf; path = 201909080203035d748b878a516.pdf; sourceTree = "<group>"; };
		202F92462BBF276600DEB3C2 /* home-response.json */ = {isa = PBXFileReference; fileEncoding = 4; lastKnownFileType = text.json; path = "home-response.json"; sourceTree = "<group>"; };
		202F92482BBF281400DEB3C2 /* page-1.png */ = {isa = PBXFileReference; lastKnownFileType = image.png; path = "page-1.png"; sourceTree = "<group>"; };
		202F924D2BBF31FF00DEB3C2 /* PDFViewer.swift */ = {isa = PBXFileReference; lastKnownFileType = sourcecode.swift; path = PDFViewer.swift; sourceTree = "<group>"; };
		202F924F2BBF3B4200DEB3C2 /* NextMagazines.swift */ = {isa = PBXFileReference; lastKnownFileType = sourcecode.swift; path = NextMagazines.swift; sourceTree = "<group>"; };
		202F92512BBF3DCC00DEB3C2 /* FillButtonView.swift */ = {isa = PBXFileReference; lastKnownFileType = sourcecode.swift; path = FillButtonView.swift; sourceTree = "<group>"; };
		2032EF8B2BBCBB0E00E2248B /* StandardTemplate.app */ = {isa = PBXFileReference; explicitFileType = wrapper.application; includeInIndex = 0; path = StandardTemplate.app; sourceTree = BUILT_PRODUCTS_DIR; };
		2032EF8E2BBCBB0E00E2248B /* HomeApp.swift */ = {isa = PBXFileReference; lastKnownFileType = sourcecode.swift; path = HomeApp.swift; sourceTree = "<group>"; };
		2032EF902BBCBB0E00E2248B /* HomeContentView.swift */ = {isa = PBXFileReference; lastKnownFileType = sourcecode.swift; path = HomeContentView.swift; sourceTree = "<group>"; };
		2032EF922BBCBB0F00E2248B /* Assets.xcassets */ = {isa = PBXFileReference; lastKnownFileType = folder.assetcatalog; path = Assets.xcassets; sourceTree = "<group>"; };
		2032EF952BBCBB0F00E2248B /* Preview Assets.xcassets */ = {isa = PBXFileReference; lastKnownFileType = folder.assetcatalog; path = "Preview Assets.xcassets"; sourceTree = "<group>"; };
		2032EF9D2BBCC0F500E2248B /* DetailsView.swift */ = {isa = PBXFileReference; lastKnownFileType = sourcecode.swift; path = DetailsView.swift; sourceTree = "<group>"; };
		2032EF9F2BBCC13D00E2248B /* DetailsViewModel.swift */ = {isa = PBXFileReference; lastKnownFileType = sourcecode.swift; path = DetailsViewModel.swift; sourceTree = "<group>"; };
		2032EFA82BBCC48700E2248B /* UIColor.swift */ = {isa = PBXFileReference; lastKnownFileType = sourcecode.swift; path = UIColor.swift; sourceTree = "<group>"; };
		2032EFAA2BBCC4BB00E2248B /* Collection.swift */ = {isa = PBXFileReference; lastKnownFileType = sourcecode.swift; path = Collection.swift; sourceTree = "<group>"; };
		2032EFAE2BBCE88400E2248B /* Pokemon.swift */ = {isa = PBXFileReference; lastKnownFileType = sourcecode.swift; path = Pokemon.swift; sourceTree = "<group>"; };
		2032EFB12BBDEE1B00E2248B /* PagingView.swift */ = {isa = PBXFileReference; lastKnownFileType = sourcecode.swift; path = PagingView.swift; sourceTree = "<group>"; };
		2032EFB32BBDEE3500E2248B /* CustomPagingView.swift */ = {isa = PBXFileReference; lastKnownFileType = sourcecode.swift; path = CustomPagingView.swift; sourceTree = "<group>"; };
		20A121DE2BBF4BED001EAED5 /* HomeViewModel.swift */ = {isa = PBXFileReference; lastKnownFileType = sourcecode.swift; path = HomeViewModel.swift; sourceTree = "<group>"; };
/* End PBXFileReference section */

/* Begin PBXFrameworksBuildPhase section */
		2032EF882BBCBB0E00E2248B /* Frameworks */ = {
			isa = PBXFrameworksBuildPhase;
			buildActionMask = 2147483647;
			files = (
				20A121DD2BBF4AA3001EAED5 /* SnapKit in Frameworks */,
				20A121E22BBF5083001EAED5 /* PSPDFKit in Frameworks */,
			);
			runOnlyForDeploymentPostprocessing = 0;
		};
/* End PBXFrameworksBuildPhase section */

/* Begin PBXGroup section */
		202F92412BBF261200DEB3C2 /* Resources */ = {
			isa = PBXGroup;
			children = (
				202F92482BBF281400DEB3C2 /* page-1.png */,
				202F92462BBF276600DEB3C2 /* home-response.json */,
				202F92442BBF262300DEB3C2 /* 201909080203035d748b878a516.pdf */,
				202F92422BBF261B00DEB3C2 /* gooutside_20231010_180_1.pdf */,
			);
			path = Resources;
			sourceTree = "<group>";
		};
		202F924C2BBF31F200DEB3C2 /* PDFReader */ = {
			isa = PBXGroup;
			children = (
				202F924D2BBF31FF00DEB3C2 /* PDFViewer.swift */,
			);
			path = PDFReader;
			sourceTree = "<group>";
		};
		2032EF822BBCBB0E00E2248B = {
			isa = PBXGroup;
			children = (
				2032EF8D2BBCBB0E00E2248B /* StandardTemplate */,
				2032EF8C2BBCBB0E00E2248B /* Products */,
			);
			sourceTree = "<group>";
		};
		2032EF8C2BBCBB0E00E2248B /* Products */ = {
			isa = PBXGroup;
			children = (
				2032EF8B2BBCBB0E00E2248B /* StandardTemplate.app */,
			);
			name = Products;
			sourceTree = "<group>";
		};
		2032EF8D2BBCBB0E00E2248B /* StandardTemplate */ = {
			isa = PBXGroup;
			children = (
				202F924C2BBF31F200DEB3C2 /* PDFReader */,
				202F92412BBF261200DEB3C2 /* Resources */,
				2032EFB02BBDEE0E00E2248B /* Helpers */,
				2032EFAD2BBCE87A00E2248B /* Model */,
				2032EFAC2BBCE7D900E2248B /* Home */,
				2032EFA62BBCC41D00E2248B /* Extensions */,
				2032EF9C2BBCC0EA00E2248B /* Details */,
				2032EF922BBCBB0F00E2248B /* Assets.xcassets */,
				2032EF942BBCBB0F00E2248B /* Preview Content */,
			);
			path = StandardTemplate;
			sourceTree = "<group>";
		};
		2032EF942BBCBB0F00E2248B /* Preview Content */ = {
			isa = PBXGroup;
			children = (
				2032EF952BBCBB0F00E2248B /* Preview Assets.xcassets */,
			);
			path = "Preview Content";
			sourceTree = "<group>";
		};
		2032EF9C2BBCC0EA00E2248B /* Details */ = {
			isa = PBXGroup;
			children = (
				2032EF9D2BBCC0F500E2248B /* DetailsView.swift */,
				2032EF9F2BBCC13D00E2248B /* DetailsViewModel.swift */,
			);
			path = Details;
			sourceTree = "<group>";
		};
		2032EFA62BBCC41D00E2248B /* Extensions */ = {
			isa = PBXGroup;
			children = (
				2032EFA82BBCC48700E2248B /* UIColor.swift */,
				2032EFAA2BBCC4BB00E2248B /* Collection.swift */,
			);
			path = Extensions;
			sourceTree = "<group>";
		};
		2032EFAC2BBCE7D900E2248B /* Home */ = {
			isa = PBXGroup;
			children = (
				2032EF8E2BBCBB0E00E2248B /* HomeApp.swift */,
				2032EF902BBCBB0E00E2248B /* HomeContentView.swift */,
				202F92392BBEF46C00DEB3C2 /* MagazineView.swift */,
				202F923B2BBEFDC700DEB3C2 /* HomeView.swift */,
				202F924F2BBF3B4200DEB3C2 /* NextMagazines.swift */,
				20A121DE2BBF4BED001EAED5 /* HomeViewModel.swift */,
			);
			path = Home;
			sourceTree = "<group>";
		};
		2032EFAD2BBCE87A00E2248B /* Model */ = {
			isa = PBXGroup;
			children = (
				2032EFAE2BBCE88400E2248B /* Pokemon.swift */,
				202F923F2BBF23A600DEB3C2 /* HomeResponse.swift */,
			);
			path = Model;
			sourceTree = "<group>";
		};
		2032EFB02BBDEE0E00E2248B /* Helpers */ = {
			isa = PBXGroup;
			children = (
				2032EFB12BBDEE1B00E2248B /* PagingView.swift */,
				2032EFB32BBDEE3500E2248B /* CustomPagingView.swift */,
				202F92512BBF3DCC00DEB3C2 /* FillButtonView.swift */,
			);
			path = Helpers;
			sourceTree = "<group>";
		};
/* End PBXGroup section */

/* Begin PBXNativeTarget section */
		2032EF8A2BBCBB0E00E2248B /* StandardTemplate */ = {
			isa = PBXNativeTarget;
			buildConfigurationList = 2032EF992BBCBB0F00E2248B /* Build configuration list for PBXNativeTarget "StandardTemplate" */;
			buildPhases = (
				2032EF872BBCBB0E00E2248B /* Sources */,
				2032EF882BBCBB0E00E2248B /* Frameworks */,
				2032EF892BBCBB0E00E2248B /* Resources */,
			);
			buildRules = (
			);
			dependencies = (
			);
			name = StandardTemplate;
			packageProductDependencies = (
				20A121DC2BBF4AA3001EAED5 /* SnapKit */,
				20A121E12BBF5083001EAED5 /* PSPDFKit */,
			);
			productName = StandardTemplate;
			productReference = 2032EF8B2BBCBB0E00E2248B /* StandardTemplate.app */;
			productType = "com.apple.product-type.application";
		};
/* End PBXNativeTarget section */

/* Begin PBXProject section */
		2032EF832BBCBB0E00E2248B /* Project object */ = {
			isa = PBXProject;
			attributes = {
				BuildIndependentTargetsInParallel = 1;
				LastSwiftUpdateCheck = 1530;
				LastUpgradeCheck = 1530;
				TargetAttributes = {
					2032EF8A2BBCBB0E00E2248B = {
						CreatedOnToolsVersion = 15.3;
					};
				};
			};
			buildConfigurationList = 2032EF862BBCBB0E00E2248B /* Build configuration list for PBXProject "StandardTemplate" */;
			compatibilityVersion = "Xcode 14.0";
			developmentRegion = en;
			hasScannedForEncodings = 0;
			knownRegions = (
				en,
				Base,
			);
			mainGroup = 2032EF822BBCBB0E00E2248B;
			packageReferences = (
				20A121DB2BBF4AA3001EAED5 /* XCRemoteSwiftPackageReference "SnapKit" */,
				20A121E02BBF5083001EAED5 /* XCRemoteSwiftPackageReference "PSPDFKit-SP" */,
			);
			productRefGroup = 2032EF8C2BBCBB0E00E2248B /* Products */;
			projectDirPath = "";
			projectRoot = "";
			targets = (
				2032EF8A2BBCBB0E00E2248B /* StandardTemplate */,
			);
		};
/* End PBXProject section */

/* Begin PBXResourcesBuildPhase section */
		2032EF892BBCBB0E00E2248B /* Resources */ = {
			isa = PBXResourcesBuildPhase;
			buildActionMask = 2147483647;
			files = (
				2032EF962BBCBB0F00E2248B /* Preview Assets.xcassets in Resources */,
				202F92432BBF261B00DEB3C2 /* gooutside_20231010_180_1.pdf in Resources */,
				202F92472BBF276700DEB3C2 /* home-response.json in Resources */,
				202F92452BBF262300DEB3C2 /* 201909080203035d748b878a516.pdf in Resources */,
				202F92492BBF281400DEB3C2 /* page-1.png in Resources */,
				2032EF932BBCBB0F00E2248B /* Assets.xcassets in Resources */,
			);
			runOnlyForDeploymentPostprocessing = 0;
		};
/* End PBXResourcesBuildPhase section */

/* Begin PBXSourcesBuildPhase section */
		2032EF872BBCBB0E00E2248B /* Sources */ = {
			isa = PBXSourcesBuildPhase;
			buildActionMask = 2147483647;
			files = (
				2032EFAF2BBCE88400E2248B /* Pokemon.swift in Sources */,
				2032EFB42BBDEE3500E2248B /* CustomPagingView.swift in Sources */,
				202F924E2BBF31FF00DEB3C2 /* PDFViewer.swift in Sources */,
				20A121DF2BBF4BED001EAED5 /* HomeViewModel.swift in Sources */,
				202F92402BBF23A600DEB3C2 /* HomeResponse.swift in Sources */,
				2032EF912BBCBB0E00E2248B /* HomeContentView.swift in Sources */,
				2032EF8F2BBCBB0E00E2248B /* HomeApp.swift in Sources */,
				2032EF9E2BBCC0F500E2248B /* DetailsView.swift in Sources */,
				202F923C2BBEFDC700DEB3C2 /* HomeView.swift in Sources */,
				202F92522BBF3DCC00DEB3C2 /* FillButtonView.swift in Sources */,
				2032EFB22BBDEE1B00E2248B /* PagingView.swift in Sources */,
				2032EFAB2BBCC4BB00E2248B /* Collection.swift in Sources */,
				2032EFA02BBCC13D00E2248B /* DetailsViewModel.swift in Sources */,
				202F923A2BBEF46C00DEB3C2 /* MagazineView.swift in Sources */,
				202F92502BBF3B4200DEB3C2 /* NextMagazines.swift in Sources */,
				2032EFA92BBCC48700E2248B /* UIColor.swift in Sources */,
			);
			runOnlyForDeploymentPostprocessing = 0;
		};
/* End PBXSourcesBuildPhase section */

/* Begin XCBuildConfiguration section */
		2032EF972BBCBB0F00E2248B /* Debug */ = {
			isa = XCBuildConfiguration;
			buildSettings = {
				ALWAYS_SEARCH_USER_PATHS = NO;
				ASSETCATALOG_COMPILER_GENERATE_SWIFT_ASSET_SYMBOL_EXTENSIONS = YES;
				CLANG_ANALYZER_NONNULL = YES;
				CLANG_ANALYZER_NUMBER_OBJECT_CONVERSION = YES_AGGRESSIVE;
				CLANG_CXX_LANGUAGE_STANDARD = "gnu++20";
				CLANG_ENABLE_MODULES = YES;
				CLANG_ENABLE_OBJC_ARC = YES;
				CLANG_ENABLE_OBJC_WEAK = YES;
				CLANG_WARN_BLOCK_CAPTURE_AUTORELEASING = YES;
				CLANG_WARN_BOOL_CONVERSION = YES;
				CLANG_WARN_COMMA = YES;
				CLANG_WARN_CONSTANT_CONVERSION = YES;
				CLANG_WARN_DEPRECATED_OBJC_IMPLEMENTATIONS = YES;
				CLANG_WARN_DIRECT_OBJC_ISA_USAGE = YES_ERROR;
				CLANG_WARN_DOCUMENTATION_COMMENTS = YES;
				CLANG_WARN_EMPTY_BODY = YES;
				CLANG_WARN_ENUM_CONVERSION = YES;
				CLANG_WARN_INFINITE_RECURSION = YES;
				CLANG_WARN_INT_CONVERSION = YES;
				CLANG_WARN_NON_LITERAL_NULL_CONVERSION = YES;
				CLANG_WARN_OBJC_IMPLICIT_RETAIN_SELF = YES;
				CLANG_WARN_OBJC_LITERAL_CONVERSION = YES;
				CLANG_WARN_OBJC_ROOT_CLASS = YES_ERROR;
				CLANG_WARN_QUOTED_INCLUDE_IN_FRAMEWORK_HEADER = YES;
				CLANG_WARN_RANGE_LOOP_ANALYSIS = YES;
				CLANG_WARN_STRICT_PROTOTYPES = YES;
				CLANG_WARN_SUSPICIOUS_MOVE = YES;
				CLANG_WARN_UNGUARDED_AVAILABILITY = YES_AGGRESSIVE;
				CLANG_WARN_UNREACHABLE_CODE = YES;
				CLANG_WARN__DUPLICATE_METHOD_MATCH = YES;
				COPY_PHASE_STRIP = NO;
				DEBUG_INFORMATION_FORMAT = dwarf;
				ENABLE_STRICT_OBJC_MSGSEND = YES;
				ENABLE_TESTABILITY = YES;
				ENABLE_USER_SCRIPT_SANDBOXING = YES;
				GCC_C_LANGUAGE_STANDARD = gnu17;
				GCC_DYNAMIC_NO_PIC = NO;
				GCC_NO_COMMON_BLOCKS = YES;
				GCC_OPTIMIZATION_LEVEL = 0;
				GCC_PREPROCESSOR_DEFINITIONS = (
					"DEBUG=1",
					"$(inherited)",
				);
				GCC_WARN_64_TO_32_BIT_CONVERSION = YES;
				GCC_WARN_ABOUT_RETURN_TYPE = YES_ERROR;
				GCC_WARN_UNDECLARED_SELECTOR = YES;
				GCC_WARN_UNINITIALIZED_AUTOS = YES_AGGRESSIVE;
				GCC_WARN_UNUSED_FUNCTION = YES;
				GCC_WARN_UNUSED_VARIABLE = YES;
				IPHONEOS_DEPLOYMENT_TARGET = 16.0;
				LOCALIZATION_PREFERS_STRING_CATALOGS = YES;
				MTL_ENABLE_DEBUG_INFO = INCLUDE_SOURCE;
				MTL_FAST_MATH = YES;
				ONLY_ACTIVE_ARCH = YES;
				SDKROOT = iphoneos;
				SWIFT_ACTIVE_COMPILATION_CONDITIONS = "DEBUG $(inherited)";
				SWIFT_OPTIMIZATION_LEVEL = "-Onone";
			};
			name = Debug;
		};
		2032EF982BBCBB0F00E2248B /* Release */ = {
			isa = XCBuildConfiguration;
			buildSettings = {
				ALWAYS_SEARCH_USER_PATHS = NO;
				ASSETCATALOG_COMPILER_GENERATE_SWIFT_ASSET_SYMBOL_EXTENSIONS = YES;
				CLANG_ANALYZER_NONNULL = YES;
				CLANG_ANALYZER_NUMBER_OBJECT_CONVERSION = YES_AGGRESSIVE;
				CLANG_CXX_LANGUAGE_STANDARD = "gnu++20";
				CLANG_ENABLE_MODULES = YES;
				CLANG_ENABLE_OBJC_ARC = YES;
				CLANG_ENABLE_OBJC_WEAK = YES;
				CLANG_WARN_BLOCK_CAPTURE_AUTORELEASING = YES;
				CLANG_WARN_BOOL_CONVERSION = YES;
				CLANG_WARN_COMMA = YES;
				CLANG_WARN_CONSTANT_CONVERSION = YES;
				CLANG_WARN_DEPRECATED_OBJC_IMPLEMENTATIONS = YES;
				CLANG_WARN_DIRECT_OBJC_ISA_USAGE = YES_ERROR;
				CLANG_WARN_DOCUMENTATION_COMMENTS = YES;
				CLANG_WARN_EMPTY_BODY = YES;
				CLANG_WARN_ENUM_CONVERSION = YES;
				CLANG_WARN_INFINITE_RECURSION = YES;
				CLANG_WARN_INT_CONVERSION = YES;
				CLANG_WARN_NON_LITERAL_NULL_CONVERSION = YES;
				CLANG_WARN_OBJC_IMPLICIT_RETAIN_SELF = YES;
				CLANG_WARN_OBJC_LITERAL_CONVERSION = YES;
				CLANG_WARN_OBJC_ROOT_CLASS = YES_ERROR;
				CLANG_WARN_QUOTED_INCLUDE_IN_FRAMEWORK_HEADER = YES;
				CLANG_WARN_RANGE_LOOP_ANALYSIS = YES;
				CLANG_WARN_STRICT_PROTOTYPES = YES;
				CLANG_WARN_SUSPICIOUS_MOVE = YES;
				CLANG_WARN_UNGUARDED_AVAILABILITY = YES_AGGRESSIVE;
				CLANG_WARN_UNREACHABLE_CODE = YES;
				CLANG_WARN__DUPLICATE_METHOD_MATCH = YES;
				COPY_PHASE_STRIP = NO;
				DEBUG_INFORMATION_FORMAT = "dwarf-with-dsym";
				ENABLE_NS_ASSERTIONS = NO;
				ENABLE_STRICT_OBJC_MSGSEND = YES;
				ENABLE_USER_SCRIPT_SANDBOXING = YES;
				GCC_C_LANGUAGE_STANDARD = gnu17;
				GCC_NO_COMMON_BLOCKS = YES;
				GCC_WARN_64_TO_32_BIT_CONVERSION = YES;
				GCC_WARN_ABOUT_RETURN_TYPE = YES_ERROR;
				GCC_WARN_UNDECLARED_SELECTOR = YES;
				GCC_WARN_UNINITIALIZED_AUTOS = YES_AGGRESSIVE;
				GCC_WARN_UNUSED_FUNCTION = YES;
				GCC_WARN_UNUSED_VARIABLE = YES;
				IPHONEOS_DEPLOYMENT_TARGET = 16.0;
				LOCALIZATION_PREFERS_STRING_CATALOGS = YES;
				MTL_ENABLE_DEBUG_INFO = NO;
				MTL_FAST_MATH = YES;
				SDKROOT = iphoneos;
				SWIFT_COMPILATION_MODE = wholemodule;
				VALIDATE_PRODUCT = YES;
			};
			name = Release;
		};
		2032EF9A2BBCBB0F00E2248B /* Debug */ = {
			isa = XCBuildConfiguration;
			buildSettings = {
				ASSETCATALOG_COMPILER_APPICON_NAME = AppIcon;
				ASSETCATALOG_COMPILER_GLOBAL_ACCENT_COLOR_NAME = AccentColor;
				CODE_SIGN_STYLE = Automatic;
				CURRENT_PROJECT_VERSION = 1;
				DEVELOPMENT_ASSET_PATHS = "\"StandardTemplate/Preview Content\"";
				DEVELOPMENT_TEAM = 9JYZL3585V;
				ENABLE_PREVIEWS = YES;
				GENERATE_INFOPLIST_FILE = YES;
				INFOPLIST_KEY_UIApplicationSceneManifest_Generation = YES;
				INFOPLIST_KEY_UIApplicationSupportsIndirectInputEvents = YES;
				INFOPLIST_KEY_UILaunchScreen_Generation = YES;
				INFOPLIST_KEY_UISupportedInterfaceOrientations_iPad = "UIInterfaceOrientationPortrait UIInterfaceOrientationPortraitUpsideDown UIInterfaceOrientationLandscapeLeft UIInterfaceOrientationLandscapeRight";
				INFOPLIST_KEY_UISupportedInterfaceOrientations_iPhone = "UIInterfaceOrientationPortrait UIInterfaceOrientationLandscapeLeft UIInterfaceOrientationLandscapeRight";
				LD_RUNPATH_SEARCH_PATHS = (
					"$(inherited)",
					"@executable_path/Frameworks",
				);
				MARKETING_VERSION = 1.0;
				PRODUCT_BUNDLE_IDENTIFIER = skeelo.StandardTemplate;
				PRODUCT_NAME = "$(TARGET_NAME)";
				SWIFT_EMIT_LOC_STRINGS = YES;
				SWIFT_VERSION = 5.0;
				TARGETED_DEVICE_FAMILY = "1,2";
			};
			name = Debug;
		};
		2032EF9B2BBCBB0F00E2248B /* Release */ = {
			isa = XCBuildConfiguration;
			buildSettings = {
				ASSETCATALOG_COMPILER_APPICON_NAME = AppIcon;
				ASSETCATALOG_COMPILER_GLOBAL_ACCENT_COLOR_NAME = AccentColor;
				CODE_SIGN_STYLE = Automatic;
				CURRENT_PROJECT_VERSION = 1;
				DEVELOPMENT_ASSET_PATHS = "\"StandardTemplate/Preview Content\"";
				DEVELOPMENT_TEAM = 9JYZL3585V;
				ENABLE_PREVIEWS = YES;
				GENERATE_INFOPLIST_FILE = YES;
				INFOPLIST_KEY_UIApplicationSceneManifest_Generation = YES;
				INFOPLIST_KEY_UIApplicationSupportsIndirectInputEvents = YES;
				INFOPLIST_KEY_UILaunchScreen_Generation = YES;
				INFOPLIST_KEY_UISupportedInterfaceOrientations_iPad = "UIInterfaceOrientationPortrait UIInterfaceOrientationPortraitUpsideDown UIInterfaceOrientationLandscapeLeft UIInterfaceOrientationLandscapeRight";
				INFOPLIST_KEY_UISupportedInterfaceOrientations_iPhone = "UIInterfaceOrientationPortrait UIInterfaceOrientationLandscapeLeft UIInterfaceOrientationLandscapeRight";
				LD_RUNPATH_SEARCH_PATHS = (
					"$(inherited)",
					"@executable_path/Frameworks",
				);
				MARKETING_VERSION = 1.0;
				PRODUCT_BUNDLE_IDENTIFIER = skeelo.StandardTemplate;
				PRODUCT_NAME = "$(TARGET_NAME)";
				SWIFT_EMIT_LOC_STRINGS = YES;
				SWIFT_VERSION = 5.0;
				TARGETED_DEVICE_FAMILY = "1,2";
			};
			name = Release;
		};
/* End XCBuildConfiguration section */

/* Begin XCConfigurationList section */
		2032EF862BBCBB0E00E2248B /* Build configuration list for PBXProject "StandardTemplate" */ = {
			isa = XCConfigurationList;
			buildConfigurations = (
				2032EF972BBCBB0F00E2248B /* Debug */,
				2032EF982BBCBB0F00E2248B /* Release */,
			);
			defaultConfigurationIsVisible = 0;
			defaultConfigurationName = Release;
		};
		2032EF992BBCBB0F00E2248B /* Build configuration list for PBXNativeTarget "StandardTemplate" */ = {
			isa = XCConfigurationList;
			buildConfigurations = (
				2032EF9A2BBCBB0F00E2248B /* Debug */,
				2032EF9B2BBCBB0F00E2248B /* Release */,
			);
			defaultConfigurationIsVisible = 0;
			defaultConfigurationName = Release;
		};
/* End XCConfigurationList section */

/* Begin XCRemoteSwiftPackageReference section */
		20A121DB2BBF4AA3001EAED5 /* XCRemoteSwiftPackageReference "SnapKit" */ = {
			isa = XCRemoteSwiftPackageReference;
			repositoryURL = "https://github.com/SnapKit/SnapKit.git";
			requirement = {
				kind = upToNextMajorVersion;
				minimumVersion = 5.7.1;
			};
		};
		20A121E02BBF5083001EAED5 /* XCRemoteSwiftPackageReference "PSPDFKit-SP" */ = {
			isa = XCRemoteSwiftPackageReference;
			repositoryURL = "https://github.com/PSPDFKit/PSPDFKit-SP";
			requirement = {
				kind = upToNextMajorVersion;
				minimumVersion = 13.4.1;
			};
		};
/* End XCRemoteSwiftPackageReference section */

/* Begin XCSwiftPackageProductDependency section */
		20A121DC2BBF4AA3001EAED5 /* SnapKit */ = {
			isa = XCSwiftPackageProductDependency;
			package = 20A121DB2BBF4AA3001EAED5 /* XCRemoteSwiftPackageReference "SnapKit" */;
			productName = SnapKit;
		};
		20A121E12BBF5083001EAED5 /* PSPDFKit */ = {
			isa = XCSwiftPackageProductDependency;
			package = 20A121E02BBF5083001EAED5 /* XCRemoteSwiftPackageReference "PSPDFKit-SP" */;
			productName = PSPDFKit;
		};
/* End XCSwiftPackageProductDependency section */
	};
	rootObject = 2032EF832BBCBB0E00E2248B /* Project object */;
}
